
Microsoft Visual Studio Solution File, Format Version 12.00
# Visual Studio Version 16
VisualStudioVersion = 16.0.31702.278
MinimumVisualStudioVersion = 10.0.40219.1
Project("{8BC9CEB8-8B4A-11D0-8D11-00A0C91BC942}") = "学生类子类c++", "学生类子类c++.vcxproj", "{DFF2FB6E-599C-46FF-A669-4C2C0A9DBA51}"
EndProject
Global
	GlobalSection(SolutionConfigurationPlatforms) = preSolution
		Debug|x64 = Debug|x64
		Debug|x86 = Debug|x86
		Release|x64 = Release|x64
		Release|x86 = Release|x86
	EndGlobalSection
	GlobalSection(ProjectConfigurationPlatforms) = postSolution
		{DFF2FB6E-599C-46FF-A669-4C2C0A9DBA51}.Debug|x64.ActiveCfg = Debug|x64
		{DFF2FB6E-599C-46FF-A669-4C2C0A9DBA51}.Debug|x64.Build.0 = Debug|x64
		{DFF2FB6E-599C-46FF-A669-4C2C0A9DBA51}.Debug|x86.ActiveCfg = Debug|Win32
		{DFF2FB6E-599C-46FF-A669-4C2C0A9DBA51}.Debug|x86.Build.0 = Debug|Win32
		{DFF2FB6E-599C-46FF-A669-4C2C0A9DBA51}.Release|x64.ActiveCfg = Release|x64
		{DFF2FB6E-599C-46FF-A669-4C2C0A9DBA51}.Release|x64.Build.0 = Release|x64
		{DFF2FB6E-599C-46FF-A669-4C2C0A9DBA51}.Release|x86.ActiveCfg = Release|Win32
		{DFF2FB6E-599C-46FF-A669-4C2C0A9DBA51}.Release|x86.Build.0 = Release|Win32
	EndGlobalSection
	GlobalSection(SolutionProperties) = preSolution
		HideSolutionNode = FALSE
	EndGlobalSection
	GlobalSection(ExtensibilityGlobals) = postSolution
		SolutionGuid = {FEE8513F-021E-4462-8433-47C41D1A630F}
	EndGlobalSection
EndGlobal
